
Microsoft Visual Studio Solution File, Format Version 12.00
# Visual Studio Version 17
VisualStudioVersion = 17.3.32922.545
MinimumVisualStudioVersion = 10.0.40219.1
Project("{FAE04EC0-301F-11D3-BF4B-00C04F79EFBC}") = "ContactManaging", "ContactManaging\ContactManaging.csproj", "{FF6FD973-D15F-49C1-B457-B4A7E4235F7F}"
EndProject
Global
	GlobalSection(SolutionConfigurationPlatforms) = preSolution
		Debug|Any CPU = Debug|Any CPU
		Release|Any CPU = Release|Any CPU
	EndGlobalSection
	GlobalSection(ProjectConfigurationPlatforms) = postSolution
		{FF6FD973-D15F-49C1-B457-B4A7E4235F7F}.Debug|Any CPU.ActiveCfg = Debug|Any CPU
		{FF6FD973-D15F-49C1-B457-B4A7E4235F7F}.Debug|Any CPU.Build.0 = Debug|Any CPU
		{FF6FD973-D15F-49C1-B457-B4A7E4235F7F}.Release|Any CPU.ActiveCfg = Release|Any CPU
		{FF6FD973-D15F-49C1-B457-B4A7E4235F7F}.Release|Any CPU.Build.0 = Release|Any CPU
	EndGlobalSection
	GlobalSection(SolutionProperties) = preSolution
		HideSolutionNode = FALSE
	EndGlobalSection
	GlobalSection(ExtensibilityGlobals) = postSolution
		SolutionGuid = {10F3E13F-14D4-46C3-9BC1-01B55AC21779}
	EndGlobalSection
EndGlobal
